filippo.io/edwards25519 v1.2.0 h1:crnVqOiS4jqYleHd9vaKZ+HKtHfllngJIiOpNpoJsjo=
filippo.io/edwards25519 v1.2.0/go.mod h1:xzAOLCNug/yB62zG1bQ8uziwrIqIuxhctzJT18Q77mc=
git.sr.ht/~sircmpwn/tokidoki v0.0.0-20250116163541-8085f6878f95 h1:/yhsQPFmXdMPTKsEI78GXBRKFGwzz5Se1Lt8BOibtm8=
git.sr.ht/~sircmpwn/tokidoki v0.0.0-20250116163541-8085f6878f95/go.mod h1:3b1rMuT5t21WbZQN1QWT2C/tvTxRVQv4ng23WOQs9pQ=
github.com/1f349/cardcaldav v0.1.0 h1:hH/txBK1iITL03A0s/QZi8aDBRT9DFm++s8loNnP6vI=
github.com/1f349/cardcaldav v0.1.0/go.mod h1:FJopX8bywsDtui6EqJHM+pPbAPwsxIIJK1wUjbORJkI=
github.com/1f349/go-webdav v0.6.0-patch.3 h1:aeRoVCBpoX8RZrdgSN514MZmFXzlqLp+GaUm4734dJ8=
github.com/1f349/go-webdav v0.6.0-patch.3/go.mod h1:mI8iBx3RAODwX7PJJ7qzsKAKs/vY429YfS2/9wKnDbQ=
github.com/1f349/lantana v0.0.1 h1:grAykEHEq4xu7RtwhkPE8CUdHPcehAOP3sChuvM0YCw=
github.com/1f349/lantana v0.0.1/go.mod h1:IcmmqMI895Zd+BmFV2h1kGvctRRIE2bk7SemYiXnXnk=
github.com/1f349/violet v0.0.16 h1:+VYhVow7EoNEmlL/TrmsAILa+Umetr2fm/wJOicmnEE=
github.com/1f349/violet v0.0.16/go.mod h1:eSBOpLBrlj0ounuf06r+fn/bPmM32bPE3Fw+J1Zvqtc=
github.com/aymanbagabas/go-osc52/v2 v2.0.1 h1:HwpRHbFMcZLEVr42D4p7XBqjyuxQH5SMiErDT4WkJ2k=
github.com/aymanbagabas/go-osc52/v2 v2.0.1/go.mod h1:uYgXzlJ7ZpABp8OJ+exZzJJhRNQ2ASbcXHWsFqH8hp8=
github.com/charmbracelet/colorprofile v0.4.3 h1:QPa1IWkYI+AOB+fE+mg/5/4HRMZcaXex9t5KX76i20Q=
github.com/charmbracelet/colorprofile v0.4.3/go.mod h1:/zT4BhpD5aGFpqQQqw7a+VtHCzu+zrQtt1zhMt9mR4Q=
github.com/charmbracelet/lipgloss v1.1.0 h1:vYXsiLHVkK7fp74RkV7b2kq9+zDLoEU4MZoFqR/noCY=
github.com/charmbracelet/lipgloss v1.1.0/go.mod h1:/6Q8FR2o+kj8rz4Dq0zQc3vYf7X+B0binUUBwA0aL30=
github.com/charmbracelet/log v1.0.0 h1:HVVVMmfOorfj3BA9i8X8UL69Hoz9lI0PYwXfJvOdRc4=
github.com/charmbracelet/log v1.0.0/go.mod h1:uYgY3SmLpwJWxmlrPwXvzVYujxis1vAKRV/0VQB7yWA=
github.com/charmbracelet/x/ansi v0.11.7 h1:kzv1kJvjg2S3r9KHo8hDdHFQLEqn4RBCb39dAYC84jI=
github.com/charmbracelet/x/ansi v0.11.7/go.mod h1:9qGpnAVYz+8ACONkZBUWPtL7lulP9No6p1epAihUZwQ=
github.com/charmbracelet/x/cellbuf v0.0.15 h1:ur3pZy0o6z/R7EylET877CBxaiE1Sp1GMxoFPAIztPI=
github.com/charmbracelet/x/cellbuf v0.0.15/go.mod h1:J1YVbR7MUuEGIFPCaaZ96KDl5NoS0DAWkskup+mOY+Q=
github.com/charmbracelet/x/term v0.2.2 h1:xVRT/S2ZcKdhhOuSP4t5cLi5o+JxklsoEObBSgfgZRk=
github.com/charmbracelet/x/term v0.2.2/go.mod h1:kF8CY5RddLWrsgVwpw4kAa6TESp6EB5y3uxGLeCqzAI=
github.com/clipperhouse/displaywidth v0.11.0 h1:lBc6kY44VFw+TDx4I8opi/EtL9m20WSEFgwIwO+UVM8=
github.com/clipperhouse/displaywidth v0.11.0/go.mod h1:bkrFNkf81G8HyVqmKGxsPufD3JhNl3dSqnGhOoSD/o0=
github.com/clipperhouse/uax29/v2 v2.7.0 h1:+gs4oBZ2gPfVrKPthwbMzWZDaAFPGYK72F0NJv2v7Vk=
github.com/clipperhouse/uax29/v2 v2.7.0/go.mod h1:EFJ2TJMRUaplDxHKj1qAEhCtQPW2tJSwu5BF98AuoVM=
github.com/davecgh/go-spew v1.1.2-0.20180830191138-d8f796af33cc h1:U9qPSI2PIWSS1VwoXQT9A3Wy9MM3WgvqSxFWenqJduM=
github.com/davecgh/go-spew v1.1.2-0.20180830191138-d8f796af33cc/go.mod h1:J7Y8YcW2NihsgmVo/mv3lAwl/skON4iLHjSsI+c5H38=
github.com/emersion/go-ical v0.0.0-20240127095438-fc1c9d8fb2b6/go.mod h1:BEksegNspIkjCQfmzWgsgbu6KdeJ/4LwUZs7DMBzjzw=
github.com/emersion/go-ical v0.0.0-20250609112844-439c63cef608 h1:5XWaET4YAcppq3l1/Yh2ay5VmQjUdq6qhJuucdGbmOY=
github.com/emersion/go-ical v0.0.0-20250609112844-439c63cef608/go.mod h1:BEksegNspIkjCQfmzWgsgbu6KdeJ/4LwUZs7DMBzjzw=
github.com/emersion/go-vcard v0.0.0-20230815062825-8fda7d206ec9/go.mod h1:HMJKR5wlh/ziNp+sHEDV2ltblO4JD2+IdDOWtGcQBTM=
github.com/emersion/go-vcard v0.0.0-20241024213814-c9703dde27ff h1:4N8wnS3f1hNHSmFD5zgFkWCyA4L1kCDkImPAtK7D6tg=
github.com/emersion/go-vcard v0.0.0-20241024213814-c9703dde27ff/go.mod h1:HMJKR5wlh/ziNp+sHEDV2ltblO4JD2+IdDOWtGcQBTM=
github.com/go-logfmt/logfmt v0.6.1 h1:4hvbpePJKnIzH1B+8OR/JPbTx37NktoI9LE2QZBBkvE=
github.com/go-logfmt/logfmt v0.6.1/go.mod h1:EV2pOAQoZaT1ZXZbqDl5hrymndi4SY9ED9/z6CO0XAk=
github.com/go-sql-driver/mysql v1.10.0 h1:Q+1LV8DkHJvSYAdR83XzuhDaTykuDx0l6fkXxoWCWfw=
github.com/go-sql-driver/mysql v1.10.0/go.mod h1:M+cqaI7+xxXGG9swrdeUIoPG3Y3KCkF0pZej+SK+nWk=
github.com/google/go-cmp v0.7.0 h1:wk8382ETsv4JYUZwIsn6YpYiWiBsYLSJiTsyBybVuN8=
github.com/google/go-cmp v0.7.0/go.mod h1:pXiqmnSA92OHEEa9HXL2W4E7lf9JzCmGVUdgjX3N/iU=
github.com/google/subcommands v1.2.0 h1:vWQspBTo2nEqTUFita5/KeEWlUL8kQObDFbub/EN9oE=
github.com/google/subcommands v1.2.0/go.mod h1:ZjhPrFU+Olkh9WazFPsl27BQ4UPiG37m3yTrtFlrHVk=
github.com/lucasb-eyer/go-colorful v1.4.0 h1:UtrWVfLdarDgc44HcS7pYloGHJUjHV/4FwW4TvVgFr4=
github.com/lucasb-eyer/go-colorful v1.4.0/go.mod h1:R4dSotOR9KMtayYi1e77YzuveK+i7ruzyGqttikkLy0=
github.com/mattn/go-colorable v0.1.15 h1:+u9SLTRGnXv73cEsnsmoZBom+dMU88B2M0aDcWy0/jY=
github.com/mattn/go-colorable v0.1.15/go.mod h1:6LmQG8QLFO4G5z1gPvYEzlUgJ2wF+stgPZH1UqBm1s8=
github.com/mattn/go-isatty v0.0.22 h1:j8l17JJ9i6VGPUFUYoTUKPSgKe/83EYU2zBC7YNKMw4=
github.com/mattn/go-isatty v0.0.22/go.mod h1:ZXfXG4SQHsB/w3ZeOYbR0PrPwLy+n6xiMrJlRFqopa4=
github.com/mattn/go-runewidth v0.0.24 h1:cpokDiIn0MGnhdHwuWnJBITySJ20QyNGnY2kR/ay2DU=
github.com/mattn/go-runewidth v0.0.24/go.mod h1:XBkDxAl56ILZc9knddidhrOlY5R/pDhgLpndooCuJAs=
github.com/mrmelon54/exit-reload v0.0.2 h1:vqgfrMD/bF21HkDsWgg5+NLjFDrD3KGVEN/iTrMn9Ms=
github.com/mrmelon54/exit-reload v0.0.2/go.mod h1:aE3NhsqGMLUqmv6cJZRouC/8gXkZTvVSabRGOpI+Vjc=
github.com/muesli/termenv v0.16.0 h1:S5AlUN9dENB57rsbnkPyfdGuWIlkmzJjbFf0Tf5FWUc=
github.com/muesli/termenv v0.16.0/go.mod h1:ZRfOIKPFDYQoDFF4Olj7/QJbW60Ol/kL1pU3VfY/Cnk=
github.com/pmezard/go-difflib v1.0.1-0.20181226105442-5d4384ee4fb2 h1:Jamvg5psRIccs7FGNTlIRMkT8wgtp5eCXdBlqhYGL6U=
github.com/pmezard/go-difflib v1.0.1-0.20181226105442-5d4384ee4fb2/go.mod h1:iKH77koFhYxTK1pcRnkKkqfTogsbg7gZNVY4sRDYZ/4=
github.com/rivo/uniseg v0.4.7 h1:WUdvkW8uEhrYfLC4ZzdpI2ztxP1I582+49Oc5Mq64VQ=
github.com/rivo/uniseg v0.4.7/go.mod h1:FN3SvrM+Zdj16jyLfmOkMNblXMcoc8DfTHruCPUcx88=
github.com/rs/zerolog v1.35.1 h1:m7xQeoiLIiV0BCEY4Hs+j2NG4Gp2o2KPKmhnnLiazKI=
github.com/rs/zerolog v1.35.1/go.mod h1:EjML9kdfa/RMA7h/6z6pYmq1ykOuA8/mjWaEvGI+jcw=
github.com/stretchr/testify v1.11.1 h1:7s2iGBzp5EwR7/aIZr8ao5+dra3wiQyKjjFuvgVKu7U=
github.com/stretchr/testify v1.11.1/go.mod h1:wZwfW3scLgRK+23gO65QZefKpKQRnfz6sD981Nm4B6U=
github.com/teambition/rrule-go v1.8.2 h1:lIjpjvWTj9fFUZCmuoVDrKVOtdiyzbzc93qTmRVe/J8=
github.com/teambition/rrule-go v1.8.2/go.mod h1:Ieq5AbrKGciP1V//Wq8ktsTXwSwJHDD5mD/wLBGl3p4=
github.com/xo/terminfo v0.0.0-20220910002029-abceb7e1c41e h1:JVG44RsyaB9T2KIHavMF/ppJZNG9ZpyihvCd0w101no=
github.com/xo/terminfo v0.0.0-20220910002029-abceb7e1c41e/go.mod h1:RbqR21r5mrJuqunuUZ/Dhy/avygyECGrLceyNeo4LiM=
golang.org/x/crypto v0.53.0 h1:QZ4Muo8THX6CizN2vPPd5fBGHyogrdK9fG4wLPFUsto=
golang.org/x/crypto v0.53.0/go.mod h1:DNLU434OwVakk9PzuwV8w62mAJpRJL3vsgcfp4Qnsio=
golang.org/x/exp v0.0.0-20260611194520-c48552f49976 h1:X8Hz2ImujgbmetVuW+w2YkyZChE3cBpZi2P158rTG9M=
golang.org/x/exp v0.0.0-20260611194520-c48552f49976/go.mod h1:vnf4pv9iKZXY58sQE1L86zmNWJ4159e1RkcWiLCkeEY=
golang.org/x/net v0.56.0 h1:Rw8j/hFzGvJUZwNBXnAtf5sVDVt+65SK2C7IxCxZt5o=
golang.org/x/net v0.56.0/go.mod h1:D3Ku6r+V6JROoZK144D2XfMHFcMq/0zSfLelVTCFKec=
golang.org/x/sys v0.46.0 h1:noSf2Fq6F8DBgS+LysIkx7rIExoNHJsxOAtPp4rthXw=
golang.org/x/sys v0.46.0/go.mod h1:4GL1E5IUh+htKOUEOaiffhrAeqysfVGipDYzABqnCmw=
gopkg.in/yaml.v3 v3.0.1 h1:fxVm/GzAzEWqLHuvctI91KS9hhNmmWOoWu0XTYJS7CA=
gopkg.in/yaml.v3 v3.0.1/go.mod h1:K4uyk7z7BCEPqu6E+C64Yfv1cQ7kz7rIZviUmN+EgEM=
